# This file is automatically @generated by Cargo.
# It is not intended for manual editing.
version = 3

[[package]]
name = "deepviewrt"
version = "0.5.0"
source = "registry+https://github.com/rust-lang/crates.io-index"
checksum = "e4e6852a4ce843155f582ce1eaa1f217c98f2fb632036fa23880ef8bc18b5a12"
dependencies = [
 "deepviewrt-sys",
]

[[package]]
name = "deepviewrt-sys"
version = "0.5.0"
source = "registry+https://github.com/rust-lang/crates.io-index"
checksum = "d368cf2f773e1467f291c573d6ee738e01670c9e01281141a34b87139ac176aa"
dependencies = [
 "libc",
]

[[package]]
name = "libc"
version = "0.2.147"
source = "registry+https://github.com/rust-lang/crates.io-index"
checksum = "b4668fb0ea861c1df094127ac5f1da3409a82116a4ba74fca2e58ef927159bb3"

[[package]]
name = "vaal"
version = "0.0.0"
dependencies = [
 "deepviewrt",
 "vaal-sys",
]

[[package]]
name = "vaal-sys"
version = "0.0.0"
dependencies = [
 "libc",
]
