# This file is automatically @generated by Cargo.
# It is not intended for manual editing.
version = 3

[[package]]
name = "deepviewrt"
version = "0.2.6"
source = "registry+https://github.com/rust-lang/crates.io-index"
checksum = "c67b958654fe653489c321e9b58111d95f2a1c290b11ed625e68e7925b3db5d2"
dependencies = [
 "deepviewrt-sys",
]

[[package]]
name = "deepviewrt-sys"
version = "0.2.6"
source = "registry+https://github.com/rust-lang/crates.io-index"
checksum = "b13fdeb5df1a828f30751bd011394a3ca7ea7d18eb9515537bd6c506789e595e"
dependencies = [
 "libc",
]

[[package]]
name = "libc"
version = "0.2.147"
source = "registry+https://github.com/rust-lang/crates.io-index"
checksum = "b4668fb0ea861c1df094127ac5f1da3409a82116a4ba74fca2e58ef927159bb3"

[[package]]
name = "vaal"
version = "0.0.0"
dependencies = [
 "deepviewrt",
 "vaal-sys",
]

[[package]]
name = "vaal-sys"
version = "0.0.0"
dependencies = [
 "libc",
]
