# This file is automatically @generated by Cargo.
# It is not intended for manual editing.
version = 3

[[package]]
name = "deepviewrt"
version = "0.3.0"
source = "registry+https://github.com/rust-lang/crates.io-index"
checksum = "458854d317515f163f0bbd214d073e20e3f64726bc51f3b6f522ff41a0732549"
dependencies = [
 "deepviewrt-sys",
]

[[package]]
name = "deepviewrt-sys"
version = "0.3.0"
source = "registry+https://github.com/rust-lang/crates.io-index"
checksum = "c0d8035342b5f751f285160b4dde5c4938437e0852f6f2de111b50027eb70d7e"
dependencies = [
 "libc",
]

[[package]]
name = "libc"
version = "0.2.147"
source = "registry+https://github.com/rust-lang/crates.io-index"
checksum = "b4668fb0ea861c1df094127ac5f1da3409a82116a4ba74fca2e58ef927159bb3"

[[package]]
name = "vaal"
version = "0.0.0"
dependencies = [
 "deepviewrt",
 "vaal-sys",
]

[[package]]
name = "vaal-sys"
version = "0.0.0"
dependencies = [
 "libc",
]
